
Microsoft Visual Studio Solution File, Format Version 12.00
# Visual Studio Version 17
VisualStudioVersion = 17.13.35931.197 d17.13
MinimumVisualStudioVersion = 10.0.40219.1
Project("{888888A0-9F3D-457C-B088-3A5042F75D52}") = "PythonGame", "PythonGame\PythonGame.pyproj", "{ED62D0EA-E437-4536-AE8A-E7C882A1D11F}"
EndProject
Global
	GlobalSection(SolutionConfigurationPlatforms) = preSolution
		Debug|Any CPU = Debug|Any CPU
		Release|Any CPU = Release|Any CPU
	EndGlobalSection
	GlobalSection(ProjectConfigurationPlatforms) = postSolution
		{ED62D0EA-E437-4536-AE8A-E7C882A1D11F}.Debug|Any CPU.ActiveCfg = Debug|Any CPU
		{ED62D0EA-E437-4536-AE8A-E7C882A1D11F}.Release|Any CPU.ActiveCfg = Release|Any CPU
	EndGlobalSection
	GlobalSection(SolutionProperties) = preSolution
		HideSolutionNode = FALSE
	EndGlobalSection
	GlobalSection(ExtensibilityGlobals) = postSolution
		SolutionGuid = {63B7B86F-70C0-4082-9E35-7B722596BD43}
	EndGlobalSection
EndGlobal
